// !$*UTF8*$!
{
	archiveVersion = 1;
	classes = {
	};
	objectVersion = 55;
	objects = {

/* Begin PBXBuildFile section */
		2FAF7DC82887E7F300CEF954 /* AppDelegate.swift in Sources */ = {isa = PBXBuildFile; fileRef = 2FAF7DC72887E7F300CEF954 /* AppDelegate.swift */; };
		2FAF7DCA2887E7F300CEF954 /* SceneDelegate.swift in Sources */ = {isa = PBXBuildFile; fileRef = 2FAF7DC92887E7F300CEF954 /* SceneDelegate.swift */; };
		2FAF7DCC2887E7F300CEF954 /* ViewController.swift in Sources */ = {isa = PBXBuildFile; fileRef = 2FAF7DCB2887E7F300CEF954 /* ViewController.swift */; };
		2FAF7DCF2887E7F300CEF954 /* Main.storyboard in Resources */ = {isa = PBXBuildFile; fileRef = 2FAF7DCD2887E7F300CEF954 /* Main.storyboard */; };
		2FAF7DD12887E7F500CEF954 /* Assets.xcassets in Resources */ = {isa = PBXBuildFile; fileRef = 2FAF7DD02887E7F500CEF954 /* Assets.xcassets */; };
		2FAF7DD42887E7F500CEF954 /* LaunchScreen.storyboard in Resources */ = {isa = PBXBuildFile; fileRef = 2FAF7DD22887E7F500CEF954 /* LaunchScreen.storyboard */; };
		2FAF7DDC2887E87300CEF954 /* BookCollectionViewCell.swift in Sources */ = {isa = PBXBuildFile; fileRef = 2FAF7DDB2887E87300CEF954 /* BookCollectionViewCell.swift */; };
		2FAF7DDE2887E88600CEF954 /* BookCollectionViewController.swift in Sources */ = {isa = PBXBuildFile; fileRef = 2FAF7DDD2887E88600CEF954 /* BookCollectionViewController.swift */; };
		2FAF7DE02887E89200CEF954 /* Book.storyboard in Resources */ = {isa = PBXBuildFile; fileRef = 2FAF7DDF2887E89200CEF954 /* Book.storyboard */; };
		2FAF7DE32887EDA800CEF954 /* BookData.swift in Sources */ = {isa = PBXBuildFile; fileRef = 2FAF7DE22887EDA800CEF954 /* BookData.swift */; };
		2FAF7DE72887F7EF00CEF954 /* UIColor + Extension.swift in Sources */ = {isa = PBXBuildFile; fileRef = 2FAF7DE62887F7EF00CEF954 /* UIColor + Extension.swift */; };
		2FAF7DEA28884FFE00CEF954 /* MovieData.swift in Sources */ = {isa = PBXBuildFile; fileRef = 2FAF7DE928884FFE00CEF954 /* MovieData.swift */; };
		2FD4C0AC2889310D007E760C /* Search.storyboard in Resources */ = {isa = PBXBuildFile; fileRef = 2FD4C0AB2889310D007E760C /* Search.storyboard */; };
		2FD4C0B02889330A007E760C /* SearchViewController.swift in Sources */ = {isa = PBXBuildFile; fileRef = 2FD4C0AF2889330A007E760C /* SearchViewController.swift */; };
		2FD4C0B728893E29007E760C /* Detail.storyboard in Resources */ = {isa = PBXBuildFile; fileRef = 2FD4C0B628893E29007E760C /* Detail.storyboard */; };
		2FD4C0B928893E3C007E760C /* DetailViewController.swift in Sources */ = {isa = PBXBuildFile; fileRef = 2FD4C0B828893E3C007E760C /* DetailViewController.swift */; };
		2FD4C0BE2889463B007E760C /* Website.storyboard in Resources */ = {isa = PBXBuildFile; fileRef = 2FD4C0BD2889463B007E760C /* Website.storyboard */; };
		2FD4C0C028894650007E760C /* WebsiteViewController.swift in Sources */ = {isa = PBXBuildFile; fileRef = 2FD4C0BF28894650007E760C /* WebsiteViewController.swift */; };
/* End PBXBuildFile section */

/* Begin PBXFileReference section */
		2FAF7DC42887E7F300CEF954 /* BookProject.app */ = {isa = PBXFileReference; explicitFileType = wrapper.application; includeInIndex = 0; path = BookProject.app; sourceTree = BUILT_PRODUCTS_DIR; };
		2FAF7DC72887E7F300CEF954 /* AppDelegate.swift */ = {isa = PBXFileReference; lastKnownFileType = sourcecode.swift; path = AppDelegate.swift; sourceTree = "<group>"; };
		2FAF7DC92887E7F300CEF954 /* SceneDelegate.swift */ = {isa = PBXFileReference; lastKnownFileType = sourcecode.swift; path = SceneDelegate.swift; sourceTree = "<group>"; };
		2FAF7DCB2887E7F300CEF954 /* ViewController.swift */ = {isa = PBXFileReference; lastKnownFileType = sourcecode.swift; path = ViewController.swift; sourceTree = "<group>"; };
		2FAF7DCE2887E7F300CEF954 /* Base */ = {isa = PBXFileReference; lastKnownFileType = file.storyboard; name = Base; path = Base.lproj/Main.storyboard; sourceTree = "<group>"; };
		2FAF7DD02887E7F500CEF954 /* Assets.xcassets */ = {isa = PBXFileReference; lastKnownFileType = folder.assetcatalog; path = Assets.xcassets; sourceTree = "<group>"; };
		2FAF7DD32887E7F500CEF954 /* Base */ = {isa = PBXFileReference; lastKnownFileType = file.storyboard; name = Base; path = Base.lproj/LaunchScreen.storyboard; sourceTree = "<group>"; };
		2FAF7DD52887E7F500CEF954 /* Info.plist */ = {isa = PBXFileReference; lastKnownFileType = text.plist.xml; path = Info.plist; sourceTree = "<group>"; };
		2FAF7DDB2887E87300CEF954 /* BookCollectionViewCell.swift */ = {isa = PBXFileReference; lastKnownFileType = sourcecode.swift; path = BookCollectionViewCell.swift; sourceTree = "<group>"; };
		2FAF7DDD2887E88600CEF954 /* BookCollectionViewController.swift */ = {isa = PBXFileReference; lastKnownFileType = sourcecode.swift; path = BookCollectionViewController.swift; sourceTree = "<group>"; };
		2FAF7DDF2887E89200CEF954 /* Book.storyboard */ = {isa = PBXFileReference; lastKnownFileType = file.storyboard; path = Book.storyboard; sourceTree = "<group>"; };
		2FAF7DE22887EDA800CEF954 /* BookData.swift */ = {isa = PBXFileReference; fileEncoding = 4; lastKnownFileType = sourcecode.swift; path = BookData.swift; sourceTree = "<group>"; };
		2FAF7DE62887F7EF00CEF954 /* UIColor + Extension.swift */ = {isa = PBXFileReference; lastKnownFileType = sourcecode.swift; path = "UIColor + Extension.swift"; sourceTree = "<group>"; };
		2FAF7DE928884FFE00CEF954 /* MovieData.swift */ = {isa = PBXFileReference; lastKnownFileType = sourcecode.swift; path = MovieData.swift; sourceTree = "<group>"; };
		2FD4C0AB2889310D007E760C /* Search.storyboard */ = {isa = PBXFileReference; lastKnownFileType = file.storyboard; path = Search.storyboard; sourceTree = "<group>"; };
		2FD4C0AF2889330A007E760C /* SearchViewController.swift */ = {isa = PBXFileReference; lastKnownFileType = sourcecode.swift; path = SearchViewController.swift; sourceTree = "<group>"; };
		2FD4C0B628893E29007E760C /* Detail.storyboard */ = {isa = PBXFileReference; lastKnownFileType = file.storyboard; path = Detail.storyboard; sourceTree = "<group>"; };
		2FD4C0B828893E3C007E760C /* DetailViewController.swift */ = {isa = PBXFileReference; lastKnownFileType = sourcecode.swift; path = DetailViewController.swift; sourceTree = "<group>"; };
		2FD4C0BD2889463B007E760C /* Website.storyboard */ = {isa = PBXFileReference; lastKnownFileType = file.storyboard; path = Website.storyboard; sourceTree = "<group>"; };
		2FD4C0BF28894650007E760C /* WebsiteViewController.swift */ = {isa = PBXFileReference; lastKnownFileType = sourcecode.swift; path = WebsiteViewController.swift; sourceTree = "<group>"; };
/* End PBXFileReference section */

/* Begin PBXFrameworksBuildPhase section */
		2FAF7DC12887E7F300CEF954 /* Frameworks */ = {
			isa = PBXFrameworksBuildPhase;
			buildActionMask = 2147483647;
			files = (
			);
			runOnlyForDeploymentPostprocessing = 0;
		};
/* End PBXFrameworksBuildPhase section */

/* Begin PBXGroup section */
		2FAF7DBB2887E7F300CEF954 = {
			isa = PBXGroup;
			children = (
				2FAF7DC62887E7F300CEF954 /* BookProject */,
				2FAF7DC52887E7F300CEF954 /* Products */,
			);
			sourceTree = "<group>";
		};
		2FAF7DC52887E7F300CEF954 /* Products */ = {
			isa = PBXGroup;
			children = (
				2FAF7DC42887E7F300CEF954 /* BookProject.app */,
			);
			name = Products;
			sourceTree = "<group>";
		};
		2FAF7DC62887E7F300CEF954 /* BookProject */ = {
			isa = PBXGroup;
			children = (
				2FAF7DC72887E7F300CEF954 /* AppDelegate.swift */,
				2FAF7DC92887E7F300CEF954 /* SceneDelegate.swift */,
				2FAF7DCB2887E7F300CEF954 /* ViewController.swift */,
				2FAF7DCD2887E7F300CEF954 /* Main.storyboard */,
				2FAF7DE12887E89900CEF954 /* BookProject */,
				2FAF7DD02887E7F500CEF954 /* Assets.xcassets */,
				2FAF7DD22887E7F500CEF954 /* LaunchScreen.storyboard */,
				2FAF7DD52887E7F500CEF954 /* Info.plist */,
			);
			path = BookProject;
			sourceTree = "<group>";
		};
		2FAF7DE12887E89900CEF954 /* BookProject */ = {
			isa = PBXGroup;
			children = (
				2FD4C0BA288945D2007E760C /* Web */,
				2FD4C0AD28893116007E760C /* bookMain */,
				2FD4C0B128893B1F007E760C /* Detail */,
				2FD4C0AE2889313D007E760C /* Search */,
				2FAF7DE62887F7EF00CEF954 /* UIColor + Extension.swift */,
				2FAF7DE828884FE000CEF954 /* MovieProject */,
			);
			name = BookProject;
			sourceTree = "<group>";
		};
		2FAF7DE828884FE000CEF954 /* MovieProject */ = {
			isa = PBXGroup;
			children = (
				2FAF7DE928884FFE00CEF954 /* MovieData.swift */,
			);
			path = MovieProject;
			sourceTree = "<group>";
		};
		2FD4C0AD28893116007E760C /* bookMain */ = {
			isa = PBXGroup;
			children = (
				2FAF7DDD2887E88600CEF954 /* BookCollectionViewController.swift */,
				2FAF7DDB2887E87300CEF954 /* BookCollectionViewCell.swift */,
				2FAF7DE22887EDA800CEF954 /* BookData.swift */,
				2FAF7DDF2887E89200CEF954 /* Book.storyboard */,
			);
			name = bookMain;
			sourceTree = "<group>";
		};
		2FD4C0AE2889313D007E760C /* Search */ = {
			isa = PBXGroup;
			children = (
				2FD4C0AB2889310D007E760C /* Search.storyboard */,
				2FD4C0AF2889330A007E760C /* SearchViewController.swift */,
			);
			name = Search;
			sourceTree = "<group>";
		};
		2FD4C0B128893B1F007E760C /* Detail */ = {
			isa = PBXGroup;
			children = (
				2FD4C0B628893E29007E760C /* Detail.storyboard */,
				2FD4C0B828893E3C007E760C /* DetailViewController.swift */,
			);
			path = Detail;
			sourceTree = "<group>";
		};
		2FD4C0BA288945D2007E760C /* Web */ = {
			isa = PBXGroup;
			children = (
				2FD4C0BD2889463B007E760C /* Website.storyboard */,
				2FD4C0BF28894650007E760C /* WebsiteViewController.swift */,
			);
			path = Web;
			sourceTree = "<group>";
		};
/* End PBXGroup section */

/* Begin PBXNativeTarget section */
		2FAF7DC32887E7F300CEF954 /* BookProject */ = {
			isa = PBXNativeTarget;
			buildConfigurationList = 2FAF7DD82887E7F500CEF954 /* Build configuration list for PBXNativeTarget "BookProject" */;
			buildPhases = (
				2FAF7DC02887E7F300CEF954 /* Sources */,
				2FAF7DC12887E7F300CEF954 /* Frameworks */,
				2FAF7DC22887E7F300CEF954 /* Resources */,
			);
			buildRules = (
			);
			dependencies = (
			);
			name = BookProject;
			productName = BookProject;
			productReference = 2FAF7DC42887E7F300CEF954 /* BookProject.app */;
			productType = "com.apple.product-type.application";
		};
/* End PBXNativeTarget section */

/* Begin PBXProject section */
		2FAF7DBC2887E7F300CEF954 /* Project object */ = {
			isa = PBXProject;
			attributes = {
				BuildIndependentTargetsInParallel = 1;
				LastSwiftUpdateCheck = 1340;
				LastUpgradeCheck = 1340;
				TargetAttributes = {
					2FAF7DC32887E7F300CEF954 = {
						CreatedOnToolsVersion = 13.4.1;
					};
				};
			};
			buildConfigurationList = 2FAF7DBF2887E7F300CEF954 /* Build configuration list for PBXProject "BookProject" */;
			compatibilityVersion = "Xcode 13.0";
			developmentRegion = en;
			hasScannedForEncodings = 0;
			knownRegions = (
				en,
				Base,
			);
			mainGroup = 2FAF7DBB2887E7F300CEF954;
			productRefGroup = 2FAF7DC52887E7F300CEF954 /* Products */;
			projectDirPath = "";
			projectRoot = "";
			targets = (
				2FAF7DC32887E7F300CEF954 /* BookProject */,
			);
		};
/* End PBXProject section */

/* Begin PBXResourcesBuildPhase section */
		2FAF7DC22887E7F300CEF954 /* Resources */ = {
			isa = PBXResourcesBuildPhase;
			buildActionMask = 2147483647;
			files = (
				2FAF7DD42887E7F500CEF954 /* LaunchScreen.storyboard in Resources */,
				2FAF7DE02887E89200CEF954 /* Book.storyboard in Resources */,
				2FAF7DD12887E7F500CEF954 /* Assets.xcassets in Resources */,
				2FAF7DCF2887E7F300CEF954 /* Main.storyboard in Resources */,
				2FD4C0AC2889310D007E760C /* Search.storyboard in Resources */,
				2FD4C0B728893E29007E760C /* Detail.storyboard in Resources */,
				2FD4C0BE2889463B007E760C /* Website.storyboard in Resources */,
			);
			runOnlyForDeploymentPostprocessing = 0;
		};
/* End PBXResourcesBuildPhase section */

/* Begin PBXSourcesBuildPhase section */
		2FAF7DC02887E7F300CEF954 /* Sources */ = {
			isa = PBXSourcesBuildPhase;
			buildActionMask = 2147483647;
			files = (
				2FAF7DE72887F7EF00CEF954 /* UIColor + Extension.swift in Sources */,
				2FAF7DCC2887E7F300CEF954 /* ViewController.swift in Sources */,
				2FAF7DDC2887E87300CEF954 /* BookCollectionViewCell.swift in Sources */,
				2FD4C0B02889330A007E760C /* SearchViewController.swift in Sources */,
				2FAF7DE32887EDA800CEF954 /* BookData.swift in Sources */,
				2FAF7DEA28884FFE00CEF954 /* MovieData.swift in Sources */,
				2FAF7DC82887E7F300CEF954 /* AppDelegate.swift in Sources */,
				2FD4C0C028894650007E760C /* WebsiteViewController.swift in Sources */,
				2FD4C0B928893E3C007E760C /* DetailViewController.swift in Sources */,
				2FAF7DCA2887E7F300CEF954 /* SceneDelegate.swift in Sources */,
				2FAF7DDE2887E88600CEF954 /* BookCollectionViewController.swift in Sources */,
			);
			runOnlyForDeploymentPostprocessing = 0;
		};
/* End PBXSourcesBuildPhase section */

/* Begin PBXVariantGroup section */
		2FAF7DCD2887E7F300CEF954 /* Main.storyboard */ = {
			isa = PBXVariantGroup;
			children = (
				2FAF7DCE2887E7F300CEF954 /* Base */,
			);
			name = Main.storyboard;
			sourceTree = "<group>";
		};
		2FAF7DD22887E7F500CEF954 /* LaunchScreen.storyboard */ = {
			isa = PBXVariantGroup;
			children = (
				2FAF7DD32887E7F500CEF954 /* Base */,
			);
			name = LaunchScreen.storyboard;
			sourceTree = "<group>";
		};
/* End PBXVariantGroup section */

/* Begin XCBuildConfiguration section */
		2FAF7DD62887E7F500CEF954 /* Debug */ = {
			isa = XCBuildConfiguration;
			buildSettings = {
				ALWAYS_SEARCH_USER_PATHS = NO;
				CLANG_ANALYZER_NONNULL = YES;
				CLANG_ANALYZER_NUMBER_OBJECT_CONVERSION = YES_AGGRESSIVE;
				CLANG_CXX_LANGUAGE_STANDARD = "gnu++17";
				CLANG_ENABLE_MODULES = YES;
				CLANG_ENABLE_OBJC_ARC = YES;
				CLANG_ENABLE_OBJC_WEAK = YES;
				CLANG_WARN_BLOCK_CAPTURE_AUTORELEASING = YES;
				CLANG_WARN_BOOL_CONVERSION = YES;
				CLANG_WARN_COMMA = YES;
				CLANG_WARN_CONSTANT_CONVERSION = YES;
				CLANG_WARN_DEPRECATED_OBJC_IMPLEMENTATIONS = YES;
				CLANG_WARN_DIRECT_OBJC_ISA_USAGE = YES_ERROR;
				CLANG_WARN_DOCUMENTATION_COMMENTS = YES;
				CLANG_WARN_EMPTY_BODY = YES;
				CLANG_WARN_ENUM_CONVERSION = YES;
				CLANG_WARN_INFINITE_RECURSION = YES;
				CLANG_WARN_INT_CONVERSION = YES;
				CLANG_WARN_NON_LITERAL_NULL_CONVERSION = YES;
				CLANG_WARN_OBJC_IMPLICIT_RETAIN_SELF = YES;
				CLANG_WARN_OBJC_LITERAL_CONVERSION = YES;
				CLANG_WARN_OBJC_ROOT_CLASS = YES_ERROR;
				CLANG_WARN_QUOTED_INCLUDE_IN_FRAMEWORK_HEADER = YES;
				CLANG_WARN_RANGE_LOOP_ANALYSIS = YES;
				CLANG_WARN_STRICT_PROTOTYPES = YES;
				CLANG_WARN_SUSPICIOUS_MOVE = YES;
				CLANG_WARN_UNGUARDED_AVAILABILITY = YES_AGGRESSIVE;
				CLANG_WARN_UNREACHABLE_CODE = YES;
				CLANG_WARN__DUPLICATE_METHOD_MATCH = YES;
				COPY_PHASE_STRIP = NO;
				DEBUG_INFORMATION_FORMAT = dwarf;
				ENABLE_STRICT_OBJC_MSGSEND = YES;
				ENABLE_TESTABILITY = YES;
				GCC_C_LANGUAGE_STANDARD = gnu11;
				GCC_DYNAMIC_NO_PIC = NO;
				GCC_NO_COMMON_BLOCKS = YES;
				GCC_OPTIMIZATION_LEVEL = 0;
				GCC_PREPROCESSOR_DEFINITIONS = (
					"DEBUG=1",
					"$(inherited)",
				);
				GCC_WARN_64_TO_32_BIT_CONVERSION = YES;
				GCC_WARN_ABOUT_RETURN_TYPE = YES_ERROR;
				GCC_WARN_UNDECLARED_SELECTOR = YES;
				GCC_WARN_UNINITIALIZED_AUTOS = YES_AGGRESSIVE;
				GCC_WARN_UNUSED_FUNCTION = YES;
				GCC_WARN_UNUSED_VARIABLE = YES;
				IPHONEOS_DEPLOYMENT_TARGET = 15.5;
				MTL_ENABLE_DEBUG_INFO = INCLUDE_SOURCE;
				MTL_FAST_MATH = YES;
				ONLY_ACTIVE_ARCH = YES;
				SDKROOT = iphoneos;
				SWIFT_ACTIVE_COMPILATION_CONDITIONS = DEBUG;
				SWIFT_OPTIMIZATION_LEVEL = "-Onone";
			};
			name = Debug;
		};
		2FAF7DD72887E7F500CEF954 /* Release */ = {
			isa = XCBuildConfiguration;
			buildSettings = {
				ALWAYS_SEARCH_USER_PATHS = NO;
				CLANG_ANALYZER_NONNULL = YES;
				CLANG_ANALYZER_NUMBER_OBJECT_CONVERSION = YES_AGGRESSIVE;
				CLANG_CXX_LANGUAGE_STANDARD = "gnu++17";
				CLANG_ENABLE_MODULES = YES;
				CLANG_ENABLE_OBJC_ARC = YES;
				CLANG_ENABLE_OBJC_WEAK = YES;
				CLANG_WARN_BLOCK_CAPTURE_AUTORELEASING = YES;
				CLANG_WARN_BOOL_CONVERSION = YES;
				CLANG_WARN_COMMA = YES;
				CLANG_WARN_CONSTANT_CONVERSION = YES;
				CLANG_WARN_DEPRECATED_OBJC_IMPLEMENTATIONS = YES;
				CLANG_WARN_DIRECT_OBJC_ISA_USAGE = YES_ERROR;
				CLANG_WARN_DOCUMENTATION_COMMENTS = YES;
				CLANG_WARN_EMPTY_BODY = YES;
				CLANG_WARN_ENUM_CONVERSION = YES;
				CLANG_WARN_INFINITE_RECURSION = YES;
				CLANG_WARN_INT_CONVERSION = YES;
				CLANG_WARN_NON_LITERAL_NULL_CONVERSION = YES;
				CLANG_WARN_OBJC_IMPLICIT_RETAIN_SELF = YES;
				CLANG_WARN_OBJC_LITERAL_CONVERSION = YES;
				CLANG_WARN_OBJC_ROOT_CLASS = YES_ERROR;
				CLANG_WARN_QUOTED_INCLUDE_IN_FRAMEWORK_HEADER = YES;
				CLANG_WARN_RANGE_LOOP_ANALYSIS = YES;
				CLANG_WARN_STRICT_PROTOTYPES = YES;
				CLANG_WARN_SUSPICIOUS_MOVE = YES;
				CLANG_WARN_UNGUARDED_AVAILABILITY = YES_AGGRESSIVE;
				CLANG_WARN_UNREACHABLE_CODE = YES;
				CLANG_WARN__DUPLICATE_METHOD_MATCH = YES;
				COPY_PHASE_STRIP = NO;
				DEBUG_INFORMATION_FORMAT = "dwarf-with-dsym";
				ENABLE_NS_ASSERTIONS = NO;
				ENABLE_STRICT_OBJC_MSGSEND = YES;
				GCC_C_LANGUAGE_STANDARD = gnu11;
				GCC_NO_COMMON_BLOCKS = YES;
				GCC_WARN_64_TO_32_BIT_CONVERSION = YES;
				GCC_WARN_ABOUT_RETURN_TYPE = YES_ERROR;
				GCC_WARN_UNDECLARED_SELECTOR = YES;
				GCC_WARN_UNINITIALIZED_AUTOS = YES_AGGRESSIVE;
				GCC_WARN_UNUSED_FUNCTION = YES;
				GCC_WARN_UNUSED_VARIABLE = YES;
				IPHONEOS_DEPLOYMENT_TARGET = 15.5;
				MTL_ENABLE_DEBUG_INFO = NO;
				MTL_FAST_MATH = YES;
				SDKROOT = iphoneos;
				SWIFT_COMPILATION_MODE = wholemodule;
				SWIFT_OPTIMIZATION_LEVEL = "-O";
				VALIDATE_PRODUCT = YES;
			};
			name = Release;
		};
		2FAF7DD92887E7F500CEF954 /* Debug */ = {
			isa = XCBuildConfiguration;
			buildSettings = {
				ASSETCATALOG_COMPILER_APPICON_NAME = AppIcon;
				ASSETCATALOG_COMPILER_GLOBAL_ACCENT_COLOR_NAME = AccentColor;
				CODE_SIGN_STYLE = Automatic;
				CURRENT_PROJECT_VERSION = 1;
				DEVELOPMENT_TEAM = LL4R66V6Y3;
				GENERATE_INFOPLIST_FILE = YES;
				INFOPLIST_FILE = BookProject/Info.plist;
				INFOPLIST_KEY_UIApplicationSupportsIndirectInputEvents = YES;
				INFOPLIST_KEY_UILaunchStoryboardName = LaunchScreen;
				INFOPLIST_KEY_UIMainStoryboardFile = Main;
				INFOPLIST_KEY_UISupportedInterfaceOrientations_iPad = "UIInterfaceOrientationPortrait UIInterfaceOrientationPortraitUpsideDown UIInterfaceOrientationLandscapeLeft UIInterfaceOrientationLandscapeRight";
				INFOPLIST_KEY_UISupportedInterfaceOrientations_iPhone = "UIInterfaceOrientationPortrait UIInterfaceOrientationLandscapeLeft UIInterfaceOrientationLandscapeRight";
				LD_RUNPATH_SEARCH_PATHS = (
					"$(inherited)",
					"@executable_path/Frameworks",
				);
				MARKETING_VERSION = 1.0;
				PRODUCT_BUNDLE_IDENTIFIER = cody.BookProject;
				PRODUCT_NAME = "$(TARGET_NAME)";
				SWIFT_EMIT_LOC_STRINGS = YES;
				SWIFT_VERSION = 5.0;
				TARGETED_DEVICE_FAMILY = "1,2";
			};
			name = Debug;
		};
		2FAF7DDA2887E7F500CEF954 /* Release */ = {
			isa = XCBuildConfiguration;
			buildSettings = {
				ASSETCATALOG_COMPILER_APPICON_NAME = AppIcon;
				ASSETCATALOG_COMPILER_GLOBAL_ACCENT_COLOR_NAME = AccentColor;
				CODE_SIGN_STYLE = Automatic;
				CURRENT_PROJECT_VERSION = 1;
				DEVELOPMENT_TEAM = LL4R66V6Y3;
				GENERATE_INFOPLIST_FILE = YES;
				INFOPLIST_FILE = BookProject/Info.plist;
				INFOPLIST_KEY_UIApplicationSupportsIndirectInputEvents = YES;
				INFOPLIST_KEY_UILaunchStoryboardName = LaunchScreen;
				INFOPLIST_KEY_UIMainStoryboardFile = Main;
				INFOPLIST_KEY_UISupportedInterfaceOrientations_iPad = "UIInterfaceOrientationPortrait UIInterfaceOrientationPortraitUpsideDown UIInterfaceOrientationLandscapeLeft UIInterfaceOrientationLandscapeRight";
				INFOPLIST_KEY_UISupportedInterfaceOrientations_iPhone = "UIInterfaceOrientationPortrait UIInterfaceOrientationLandscapeLeft UIInterfaceOrientationLandscapeRight";
				LD_RUNPATH_SEARCH_PATHS = (
					"$(inherited)",
					"@executable_path/Frameworks",
				);
				MARKETING_VERSION = 1.0;
				PRODUCT_BUNDLE_IDENTIFIER = cody.BookProject;
				PRODUCT_NAME = "$(TARGET_NAME)";
				SWIFT_EMIT_LOC_STRINGS = YES;
				SWIFT_VERSION = 5.0;
				TARGETED_DEVICE_FAMILY = "1,2";
			};
			name = Release;
		};
/* End XCBuildConfiguration section */

/* Begin XCConfigurationList section */
		2FAF7DBF2887E7F300CEF954 /* Build configuration list for PBXProject "BookProject" */ = {
			isa = XCConfigurationList;
			buildConfigurations = (
				2FAF7DD62887E7F500CEF954 /* Debug */,
				2FAF7DD72887E7F500CEF954 /* Release */,
			);
			defaultConfigurationIsVisible = 0;
			defaultConfigurationName = Release;
		};
		2FAF7DD82887E7F500CEF954 /* Build configuration list for PBXNativeTarget "BookProject" */ = {
			isa = XCConfigurationList;
			buildConfigurations = (
				2FAF7DD92887E7F500CEF954 /* Debug */,
				2FAF7DDA2887E7F500CEF954 /* Release */,
			);
			defaultConfigurationIsVisible = 0;
			defaultConfigurationName = Release;
		};
/* End XCConfigurationList section */
	};
	rootObject = 2FAF7DBC2887E7F300CEF954 /* Project object */;
}
